
Microsoft Visual Studio Solution File, Format Version 12.00
# Visual Studio Version 17
VisualStudioVersion = 17.4.33205.214
MinimumVisualStudioVersion = 10.0.40219.1
Project("{FAE04EC0-301F-11D3-BF4B-00C04F79EFBC}") = "Aramark-Pizza_app-1.3", "Aramark-Pizza_app-1.3\Aramark-Pizza_app-1.3.csproj", "{7D60AB00-D726-45FC-95E2-4FDB8B4E8A82}"
EndProject
Global
	GlobalSection(SolutionConfigurationPlatforms) = preSolution
		Debug|Any CPU = Debug|Any CPU
		Release|Any CPU = Release|Any CPU
	EndGlobalSection
	GlobalSection(ProjectConfigurationPlatforms) = postSolution
		{7D60AB00-D726-45FC-95E2-4FDB8B4E8A82}.Debug|Any CPU.ActiveCfg = Debug|Any CPU
		{7D60AB00-D726-45FC-95E2-4FDB8B4E8A82}.Debug|Any CPU.Build.0 = Debug|Any CPU
		{7D60AB00-D726-45FC-95E2-4FDB8B4E8A82}.Release|Any CPU.ActiveCfg = Release|Any CPU
		{7D60AB00-D726-45FC-95E2-4FDB8B4E8A82}.Release|Any CPU.Build.0 = Release|Any CPU
	EndGlobalSection
	GlobalSection(SolutionProperties) = preSolution
		HideSolutionNode = FALSE
	EndGlobalSection
	GlobalSection(ExtensibilityGlobals) = postSolution
		SolutionGuid = {05221953-8C81-4DEC-85B4-584CD4621DDA}
	EndGlobalSection
EndGlobal
